schema: '2.0'
stages:
  ingest:
    cmd: python src/ingestion.py
    deps:
    - path: src/ingestion.py
      hash: md5
      md5: eefa4affa402613d471eae3f8978152e
      size: 692
    outs:
    - path: data/raw_data.csv
      hash: md5
      md5: 8b6084bcad9af358dae25f7e6875fa6c
      size: 53
  preprocess:
    cmd: python src/preprocessing.py
    deps:
    - path: data/raw_data.csv
      hash: md5
      md5: 8b6084bcad9af358dae25f7e6875fa6c
      size: 53
    - path: src/preprocessing.py
      hash: md5
      md5: 3631489e7c1b0a356f470aed7d6cc0cd
      size: 624
    outs:
    - path: data/processed_data.csv
      hash: md5
      md5: 0511ea6891a0676611fcdb15bf837ce5
      size: 75
  train:
    cmd: python src/train.py
    deps:
    - path: data/processed_data.csv
      hash: md5
      md5: 0511ea6891a0676611fcdb15bf837ce5
      size: 75
    - path: src/train.py
      hash: md5
      md5: a9de26a2fa2d4a2dc1d00cd7703ac1c1
      size: 781
    outs:
    - path: model.pkl
      hash: md5
      md5: 1de16bd8c867a366822d7052ce899f2d
      size: 1135
